
Microsoft Visual Studio Solution File, Format Version 12.00
# Visual Studio Version 17
VisualStudioVersion = 17.4.33213.308
MinimumVisualStudioVersion = 10.0.40219.1
Project("{9A19103F-16F7-4668-BE54-9A1E7A4F7556}") = "Backend", "Backend.csproj", "{2BAE7DC9-74E6-486D-81F2-617011E61542}"
EndProject
Global
	GlobalSection(SolutionConfigurationPlatforms) = preSolution
		Debug|Any CPU = Debug|Any CPU
		Release|Any CPU = Release|Any CPU
	EndGlobalSection
	GlobalSection(ProjectConfigurationPlatforms) = postSolution
		{2BAE7DC9-74E6-486D-81F2-617011E61542}.Debug|Any CPU.ActiveCfg = Debug|Any CPU
		{2BAE7DC9-74E6-486D-81F2-617011E61542}.Debug|Any CPU.Build.0 = Debug|Any CPU
		{2BAE7DC9-74E6-486D-81F2-617011E61542}.Release|Any CPU.ActiveCfg = Release|Any CPU
		{2BAE7DC9-74E6-486D-81F2-617011E61542}.Release|Any CPU.Build.0 = Release|Any CPU
	EndGlobalSection
	GlobalSection(SolutionProperties) = preSolution
		HideSolutionNode = FALSE
	EndGlobalSection
	GlobalSection(ExtensibilityGlobals) = postSolution
		SolutionGuid = {D9D0B4F1-4D69-4566-B9E8-18AFEC50D506}
	EndGlobalSection
EndGlobal
